# This file is automatically @generated by Cargo.
# It is not intended for manual editing.
version = 4

[[package]]
name = "lesson_01_foundation"
version = "0.1.0"

[[package]]
name = "lesson_02_ownership_borrowing"
version = "0.1.0"

[[package]]
name = "lesson_03_struct_enum_pattern"
version = "0.1.0"
